
Microsoft Visual Studio Solution File, Format Version 12.00
# Visual Studio Version 16
VisualStudioVersion = 16.0.30204.135
MinimumVisualStudioVersion = 10.0.40219.1
Project("{FAE04EC0-301F-11D3-BF4B-00C04F79EFBC}") = "AutoSQL", "AutoSQL\AutoSQL.csproj", "{D6E33D5F-1B8F-4611-951D-8F0B3C4A8DBE}"
EndProject
Global
	GlobalSection(SolutionConfigurationPlatforms) = preSolution
		Debug|Any CPU = Debug|Any CPU
		Release|Any CPU = Release|Any CPU
	EndGlobalSection
	GlobalSection(ProjectConfigurationPlatforms) = postSolution
		{D6E33D5F-1B8F-4611-951D-8F0B3C4A8DBE}.Debug|Any CPU.ActiveCfg = Debug|Any CPU
		{D6E33D5F-1B8F-4611-951D-8F0B3C4A8DBE}.Debug|Any CPU.Build.0 = Debug|Any CPU
		{D6E33D5F-1B8F-4611-951D-8F0B3C4A8DBE}.Release|Any CPU.ActiveCfg = Release|Any CPU
		{D6E33D5F-1B8F-4611-951D-8F0B3C4A8DBE}.Release|Any CPU.Build.0 = Release|Any CPU
	EndGlobalSection
	GlobalSection(SolutionProperties) = preSolution
		HideSolutionNode = FALSE
	EndGlobalSection
	GlobalSection(ExtensibilityGlobals) = postSolution
		SolutionGuid = {C9B2530F-DC20-4CA8-B4C1-56D006ABA1A9}
	EndGlobalSection
EndGlobal
